
Microsoft Visual Studio Solution File, Format Version 12.00
# Visual Studio Version 17
VisualStudioVersion = 17.4.33213.308
MinimumVisualStudioVersion = 10.0.40219.1
Project("{FAE04EC0-301F-11D3-BF4B-00C04F79EFBC}") = "project4", "project4.csproj", "{917DE339-5934-4050-BB9E-85E4FC721246}"
EndProject
Global
	GlobalSection(SolutionConfigurationPlatforms) = preSolution
		Debug|Any CPU = Debug|Any CPU
		Release|Any CPU = Release|Any CPU
	EndGlobalSection
	GlobalSection(ProjectConfigurationPlatforms) = postSolution
		{917DE339-5934-4050-BB9E-85E4FC721246}.Debug|Any CPU.ActiveCfg = Debug|Any CPU
		{917DE339-5934-4050-BB9E-85E4FC721246}.Debug|Any CPU.Build.0 = Debug|Any CPU
		{917DE339-5934-4050-BB9E-85E4FC721246}.Release|Any CPU.ActiveCfg = Release|Any CPU
		{917DE339-5934-4050-BB9E-85E4FC721246}.Release|Any CPU.Build.0 = Release|Any CPU
	EndGlobalSection
	GlobalSection(SolutionProperties) = preSolution
		HideSolutionNode = FALSE
	EndGlobalSection
	GlobalSection(ExtensibilityGlobals) = postSolution
		SolutionGuid = {631B52A3-8740-48F8-A51C-FD56BFCD2B0A}
	EndGlobalSection
EndGlobal
