
Microsoft Visual Studio Solution File, Format Version 12.00
# Visual Studio Version 17
VisualStudioVersion = 17.4.33213.308
MinimumVisualStudioVersion = 10.0.40219.1
Project("{FAE04EC0-301F-11D3-BF4B-00C04F79EFBC}") = "ejemplos de ejercicios", "ejemplos de ejercicios\ejemplos de ejercicios.csproj", "{E3FB091B-706E-48C2-B485-A264617E6EDF}"
EndProject
Global
	GlobalSection(SolutionConfigurationPlatforms) = preSolution
		Debug|Any CPU = Debug|Any CPU
		Release|Any CPU = Release|Any CPU
	EndGlobalSection
	GlobalSection(ProjectConfigurationPlatforms) = postSolution
		{E3FB091B-706E-48C2-B485-A264617E6EDF}.Debug|Any CPU.ActiveCfg = Debug|Any CPU
		{E3FB091B-706E-48C2-B485-A264617E6EDF}.Debug|Any CPU.Build.0 = Debug|Any CPU
		{E3FB091B-706E-48C2-B485-A264617E6EDF}.Release|Any CPU.ActiveCfg = Release|Any CPU
		{E3FB091B-706E-48C2-B485-A264617E6EDF}.Release|Any CPU.Build.0 = Release|Any CPU
	EndGlobalSection
	GlobalSection(SolutionProperties) = preSolution
		HideSolutionNode = FALSE
	EndGlobalSection
	GlobalSection(ExtensibilityGlobals) = postSolution
		SolutionGuid = {E09C8B19-8E4B-454B-9BA0-D75FEE365A55}
	EndGlobalSection
EndGlobal
